
Microsoft Visual Studio Solution File, Format Version 12.00
# Visual Studio 2012
Project("{FAE04EC0-301F-11D3-BF4B-00C04F79EFBC}") = "VendAPITest", "VendAPITest\VendAPITest.csproj", "{5652EDEA-72DD-43BE-9BD4-E52C9291CD36}"
EndProject
Project("{FAE04EC0-301F-11D3-BF4B-00C04F79EFBC}") = "VendAPI", "VendAPI\VendAPI.csproj", "{DA4CE8CE-B671-4985-A942-24841D31D023}"
EndProject
Global
	GlobalSection(SolutionConfigurationPlatforms) = preSolution
		Debug|Any CPU = Debug|Any CPU
		Release|Any CPU = Release|Any CPU
	EndGlobalSection
	GlobalSection(ProjectConfigurationPlatforms) = postSolution
		{5652EDEA-72DD-43BE-9BD4-E52C9291CD36}.Debug|Any CPU.ActiveCfg = Debug|Any CPU
		{5652EDEA-72DD-43BE-9BD4-E52C9291CD36}.Debug|Any CPU.Build.0 = Debug|Any CPU
		{5652EDEA-72DD-43BE-9BD4-E52C9291CD36}.Release|Any CPU.ActiveCfg = Release|Any CPU
		{5652EDEA-72DD-43BE-9BD4-E52C9291CD36}.Release|Any CPU.Build.0 = Release|Any CPU
		{DA4CE8CE-B671-4985-A942-24841D31D023}.Debug|Any CPU.ActiveCfg = Debug|Any CPU
		{DA4CE8CE-B671-4985-A942-24841D31D023}.Debug|Any CPU.Build.0 = Debug|Any CPU
		{DA4CE8CE-B671-4985-A942-24841D31D023}.Release|Any CPU.ActiveCfg = Release|Any CPU
		{DA4CE8CE-B671-4985-A942-24841D31D023}.Release|Any CPU.Build.0 = Release|Any CPU
	EndGlobalSection
	GlobalSection(SolutionProperties) = preSolution
		HideSolutionNode = FALSE
	EndGlobalSection
EndGlobal
