
Microsoft Visual Studio Solution File, Format Version 12.00
# Visual Studio 2012
Project("{FAE04EC0-301F-11D3-BF4B-00C04F79EFBC}") = "VendAPITest", "VendAPITest\VendAPITest.csproj", "{5652EDEA-72DD-43BE-9BD4-E52C9291CD36}"
EndProject
Project("{FAE04EC0-301F-11D3-BF4B-00C04F79EFBC}") = "VendAPI", "VendAPI\VendAPI.csproj", "{DA4CE8CE-B671-4985-A942-24841D31D023}"
EndProject
Project("{FAE04EC0-301F-11D3-BF4B-00C04F79EFBC}") = "VendHook", "VendHook\VendHook.csproj", "{55E2EA79-6B6B-4B69-9CA2-AE04F119FC12}"
EndProject
Project("{FAE04EC0-301F-11D3-BF4B-00C04F79EFBC}") = "VendHook.Tests", "VendHook.Tests\VendHook.Tests.csproj", "{1F14CFA6-D690-4987-8765-F8F16481A996}"
EndProject
Project("{FAE04EC0-301F-11D3-BF4B-00C04F79EFBC}") = "Vend.TestBench", "Vend.TestBench\Vend.TestBench.csproj", "{C0266A75-07CC-43A4-8F82-CA741F451D6C}"
EndProject
Project("{E24C65DC-7377-472B-9ABA-BC803B73C61A}") = "Vend.net2", "Vend.net2\", "{19605AA1-3127-4283-925D-7B8E3D3F14D0}"
	ProjectSection(WebsiteProperties) = preProject
		TargetFrameworkMoniker = ".NETFramework,Version%3Dv4.0"
		ProjectReferences = "{DA4CE8CE-B671-4985-A942-24841D31D023}|VendAPI.dll;"
		Debug.AspNetCompiler.VirtualPath = "/Vend.net2"
		Debug.AspNetCompiler.PhysicalPath = "Vend.net2\"
		Debug.AspNetCompiler.TargetPath = "PrecompiledWeb\Vend.net2\"
		Debug.AspNetCompiler.Updateable = "true"
		Debug.AspNetCompiler.ForceOverwrite = "true"
		Debug.AspNetCompiler.FixedNames = "false"
		Debug.AspNetCompiler.Debug = "True"
		Release.AspNetCompiler.VirtualPath = "/Vend.net2"
		Release.AspNetCompiler.PhysicalPath = "Vend.net2\"
		Release.AspNetCompiler.TargetPath = "PrecompiledWeb\Vend.net2\"
		Release.AspNetCompiler.Updateable = "true"
		Release.AspNetCompiler.ForceOverwrite = "true"
		Release.AspNetCompiler.FixedNames = "false"
		Release.AspNetCompiler.Debug = "False"
		VWDPort = "50302"
	EndProjectSection
EndProject
Project("{2150E333-8FDC-42A3-9474-1A3956D46DE8}") = ".nuget", ".nuget", "{85674614-D721-48AF-9720-DA1B0BF29999}"
	ProjectSection(SolutionItems) = preProject
		.nuget\packages.config = .nuget\packages.config
	EndProjectSection
EndProject
Global
	GlobalSection(SolutionConfigurationPlatforms) = preSolution
		CD_ROM|Any CPU = CD_ROM|Any CPU
		Debug|Any CPU = Debug|Any CPU
		DVD-5|Any CPU = DVD-5|Any CPU
		Release|Any CPU = Release|Any CPU
		SingleImage|Any CPU = SingleImage|Any CPU
	EndGlobalSection
	GlobalSection(ProjectConfigurationPlatforms) = postSolution
		{5652EDEA-72DD-43BE-9BD4-E52C9291CD36}.CD_ROM|Any CPU.ActiveCfg = Release|Any CPU
		{5652EDEA-72DD-43BE-9BD4-E52C9291CD36}.CD_ROM|Any CPU.Build.0 = Release|Any CPU
		{5652EDEA-72DD-43BE-9BD4-E52C9291CD36}.Debug|Any CPU.ActiveCfg = Debug|Any CPU
		{5652EDEA-72DD-43BE-9BD4-E52C9291CD36}.Debug|Any CPU.Build.0 = Debug|Any CPU
		{5652EDEA-72DD-43BE-9BD4-E52C9291CD36}.DVD-5|Any CPU.ActiveCfg = Debug|Any CPU
		{5652EDEA-72DD-43BE-9BD4-E52C9291CD36}.DVD-5|Any CPU.Build.0 = Debug|Any CPU
		{5652EDEA-72DD-43BE-9BD4-E52C9291CD36}.Release|Any CPU.ActiveCfg = Release|Any CPU
		{5652EDEA-72DD-43BE-9BD4-E52C9291CD36}.Release|Any CPU.Build.0 = Release|Any CPU
		{5652EDEA-72DD-43BE-9BD4-E52C9291CD36}.SingleImage|Any CPU.ActiveCfg = Release|Any CPU
		{5652EDEA-72DD-43BE-9BD4-E52C9291CD36}.SingleImage|Any CPU.Build.0 = Release|Any CPU
		{DA4CE8CE-B671-4985-A942-24841D31D023}.CD_ROM|Any CPU.ActiveCfg = Release|Any CPU
		{DA4CE8CE-B671-4985-A942-24841D31D023}.CD_ROM|Any CPU.Build.0 = Release|Any CPU
		{DA4CE8CE-B671-4985-A942-24841D31D023}.Debug|Any CPU.ActiveCfg = Debug|Any CPU
		{DA4CE8CE-B671-4985-A942-24841D31D023}.Debug|Any CPU.Build.0 = Debug|Any CPU
		{DA4CE8CE-B671-4985-A942-24841D31D023}.DVD-5|Any CPU.ActiveCfg = Debug|Any CPU
		{DA4CE8CE-B671-4985-A942-24841D31D023}.DVD-5|Any CPU.Build.0 = Debug|Any CPU
		{DA4CE8CE-B671-4985-A942-24841D31D023}.Release|Any CPU.ActiveCfg = Release|Any CPU
		{DA4CE8CE-B671-4985-A942-24841D31D023}.Release|Any CPU.Build.0 = Release|Any CPU
		{DA4CE8CE-B671-4985-A942-24841D31D023}.SingleImage|Any CPU.ActiveCfg = Release|Any CPU
		{DA4CE8CE-B671-4985-A942-24841D31D023}.SingleImage|Any CPU.Build.0 = Release|Any CPU
		{55E2EA79-6B6B-4B69-9CA2-AE04F119FC12}.CD_ROM|Any CPU.ActiveCfg = Release|Any CPU
		{55E2EA79-6B6B-4B69-9CA2-AE04F119FC12}.CD_ROM|Any CPU.Build.0 = Release|Any CPU
		{55E2EA79-6B6B-4B69-9CA2-AE04F119FC12}.Debug|Any CPU.ActiveCfg = Debug|Any CPU
		{55E2EA79-6B6B-4B69-9CA2-AE04F119FC12}.Debug|Any CPU.Build.0 = Debug|Any CPU
		{55E2EA79-6B6B-4B69-9CA2-AE04F119FC12}.DVD-5|Any CPU.ActiveCfg = Debug|Any CPU
		{55E2EA79-6B6B-4B69-9CA2-AE04F119FC12}.DVD-5|Any CPU.Build.0 = Debug|Any CPU
		{55E2EA79-6B6B-4B69-9CA2-AE04F119FC12}.Release|Any CPU.ActiveCfg = Release|Any CPU
		{55E2EA79-6B6B-4B69-9CA2-AE04F119FC12}.Release|Any CPU.Build.0 = Release|Any CPU
		{55E2EA79-6B6B-4B69-9CA2-AE04F119FC12}.SingleImage|Any CPU.ActiveCfg = Release|Any CPU
		{55E2EA79-6B6B-4B69-9CA2-AE04F119FC12}.SingleImage|Any CPU.Build.0 = Release|Any CPU
		{1F14CFA6-D690-4987-8765-F8F16481A996}.CD_ROM|Any CPU.ActiveCfg = Release|Any CPU
		{1F14CFA6-D690-4987-8765-F8F16481A996}.CD_ROM|Any CPU.Build.0 = Release|Any CPU
		{1F14CFA6-D690-4987-8765-F8F16481A996}.Debug|Any CPU.ActiveCfg = Debug|Any CPU
		{1F14CFA6-D690-4987-8765-F8F16481A996}.Debug|Any CPU.Build.0 = Debug|Any CPU
		{1F14CFA6-D690-4987-8765-F8F16481A996}.DVD-5|Any CPU.ActiveCfg = Debug|Any CPU
		{1F14CFA6-D690-4987-8765-F8F16481A996}.DVD-5|Any CPU.Build.0 = Debug|Any CPU
		{1F14CFA6-D690-4987-8765-F8F16481A996}.Release|Any CPU.ActiveCfg = Release|Any CPU
		{1F14CFA6-D690-4987-8765-F8F16481A996}.Release|Any CPU.Build.0 = Release|Any CPU
		{1F14CFA6-D690-4987-8765-F8F16481A996}.SingleImage|Any CPU.ActiveCfg = Release|Any CPU
		{1F14CFA6-D690-4987-8765-F8F16481A996}.SingleImage|Any CPU.Build.0 = Release|Any CPU
		{C0266A75-07CC-43A4-8F82-CA741F451D6C}.CD_ROM|Any CPU.ActiveCfg = Release|Any CPU
		{C0266A75-07CC-43A4-8F82-CA741F451D6C}.CD_ROM|Any CPU.Build.0 = Release|Any CPU
		{C0266A75-07CC-43A4-8F82-CA741F451D6C}.Debug|Any CPU.ActiveCfg = Debug|Any CPU
		{C0266A75-07CC-43A4-8F82-CA741F451D6C}.Debug|Any CPU.Build.0 = Debug|Any CPU
		{C0266A75-07CC-43A4-8F82-CA741F451D6C}.DVD-5|Any CPU.ActiveCfg = Debug|Any CPU
		{C0266A75-07CC-43A4-8F82-CA741F451D6C}.DVD-5|Any CPU.Build.0 = Debug|Any CPU
		{C0266A75-07CC-43A4-8F82-CA741F451D6C}.Release|Any CPU.ActiveCfg = Release|Any CPU
		{C0266A75-07CC-43A4-8F82-CA741F451D6C}.Release|Any CPU.Build.0 = Release|Any CPU
		{C0266A75-07CC-43A4-8F82-CA741F451D6C}.SingleImage|Any CPU.ActiveCfg = Release|Any CPU
		{C0266A75-07CC-43A4-8F82-CA741F451D6C}.SingleImage|Any CPU.Build.0 = Release|Any CPU
		{19605AA1-3127-4283-925D-7B8E3D3F14D0}.CD_ROM|Any CPU.ActiveCfg = Debug|Any CPU
		{19605AA1-3127-4283-925D-7B8E3D3F14D0}.CD_ROM|Any CPU.Build.0 = Debug|Any CPU
		{19605AA1-3127-4283-925D-7B8E3D3F14D0}.Debug|Any CPU.ActiveCfg = Debug|Any CPU
		{19605AA1-3127-4283-925D-7B8E3D3F14D0}.Debug|Any CPU.Build.0 = Debug|Any CPU
		{19605AA1-3127-4283-925D-7B8E3D3F14D0}.DVD-5|Any CPU.ActiveCfg = Debug|Any CPU
		{19605AA1-3127-4283-925D-7B8E3D3F14D0}.DVD-5|Any CPU.Build.0 = Debug|Any CPU
		{19605AA1-3127-4283-925D-7B8E3D3F14D0}.Release|Any CPU.ActiveCfg = Debug|Any CPU
		{19605AA1-3127-4283-925D-7B8E3D3F14D0}.Release|Any CPU.Build.0 = Debug|Any CPU
		{19605AA1-3127-4283-925D-7B8E3D3F14D0}.SingleImage|Any CPU.ActiveCfg = Debug|Any CPU
		{19605AA1-3127-4283-925D-7B8E3D3F14D0}.SingleImage|Any CPU.Build.0 = Debug|Any CPU
	EndGlobalSection
	GlobalSection(SolutionProperties) = preSolution
		HideSolutionNode = FALSE
	EndGlobalSection
EndGlobal
